// !$*UTF8*$!
{
	archiveVersion = 1;
	classes = {
	};
	objectVersion = 55;
	objects = {

/* Begin PBXBuildFile section */
		4F08936B29B7052800B0AB64 /* AppDelegate.swift in Sources */ = {isa = PBXBuildFile; fileRef = 4F08936A29B7052800B0AB64 /* AppDelegate.swift */; };
		4F08936D29B7052800B0AB64 /* SceneDelegate.swift in Sources */ = {isa = PBXBuildFile; fileRef = 4F08936C29B7052800B0AB64 /* SceneDelegate.swift */; };
		4F08936F29B7052800B0AB64 /* ViewController.swift in Sources */ = {isa = PBXBuildFile; fileRef = 4F08936E29B7052800B0AB64 /* ViewController.swift */; };
		4F08937229B7052800B0AB64 /* Main.storyboard in Resources */ = {isa = PBXBuildFile; fileRef = 4F08937029B7052800B0AB64 /* Main.storyboard */; };
		4F08937429B7052D00B0AB64 /* Assets.xcassets in Resources */ = {isa = PBXBuildFile; fileRef = 4F08937329B7052D00B0AB64 /* Assets.xcassets */; };
		4F08937729B7052D00B0AB64 /* LaunchScreen.storyboard in Resources */ = {isa = PBXBuildFile; fileRef = 4F08937529B7052D00B0AB64 /* LaunchScreen.storyboard */; };
		4F08937F29B7068000B0AB64 /* GoogleService-Info.plist in Resources */ = {isa = PBXBuildFile; fileRef = 4F08937E29B7068000B0AB64 /* GoogleService-Info.plist */; };
		4F08938129B719F900B0AB64 /* HomeVC.swift in Sources */ = {isa = PBXBuildFile; fileRef = 4F08938029B719F900B0AB64 /* HomeVC.swift */; };
		4F08938329B71AB200B0AB64 /* ProfileVC.swift in Sources */ = {isa = PBXBuildFile; fileRef = 4F08938229B71AB200B0AB64 /* ProfileVC.swift */; };
		4F08938529B71B2300B0AB64 /* UploadVC.swift in Sources */ = {isa = PBXBuildFile; fileRef = 4F08938429B71B2300B0AB64 /* UploadVC.swift */; };
		4F5159FE29B74B7C00814C91 /* RegisterVC.swift in Sources */ = {isa = PBXBuildFile; fileRef = 4F5159FD29B74B7C00814C91 /* RegisterVC.swift */; };
		4F515A0029B751DE00814C91 /* Helper.swift in Sources */ = {isa = PBXBuildFile; fileRef = 4F5159FF29B751DE00814C91 /* Helper.swift */; };
		7A301DFA850D26562FEAB539 /* Pods_instaCloneFirebase.framework in Frameworks */ = {isa = PBXBuildFile; fileRef = DE730911D483ED195F9C3679 /* Pods_instaCloneFirebase.framework */; };
/* End PBXBuildFile section */

/* Begin PBXFileReference section */
		4B49B4D1F2388F6AFAE3FF3E /* Pods-instaCloneFirebase.release.xcconfig */ = {isa = PBXFileReference; includeInIndex = 1; lastKnownFileType = text.xcconfig; name = "Pods-instaCloneFirebase.release.xcconfig"; path = "Target Support Files/Pods-instaCloneFirebase/Pods-instaCloneFirebase.release.xcconfig"; sourceTree = "<group>"; };
		4F08936729B7052800B0AB64 /* instaCloneFirebase.app */ = {isa = PBXFileReference; explicitFileType = wrapper.application; includeInIndex = 0; path = instaCloneFirebase.app; sourceTree = BUILT_PRODUCTS_DIR; };
		4F08936A29B7052800B0AB64 /* AppDelegate.swift */ = {isa = PBXFileReference; lastKnownFileType = sourcecode.swift; path = AppDelegate.swift; sourceTree = "<group>"; };
		4F08936C29B7052800B0AB64 /* SceneDelegate.swift */ = {isa = PBXFileReference; lastKnownFileType = sourcecode.swift; path = SceneDelegate.swift; sourceTree = "<group>"; };
		4F08936E29B7052800B0AB64 /* ViewController.swift */ = {isa = PBXFileReference; lastKnownFileType = sourcecode.swift; path = ViewController.swift; sourceTree = "<group>"; };
		4F08937129B7052800B0AB64 /* Base */ = {isa = PBXFileReference; lastKnownFileType = file.storyboard; name = Base; path = Base.lproj/Main.storyboard; sourceTree = "<group>"; };
		4F08937329B7052D00B0AB64 /* Assets.xcassets */ = {isa = PBXFileReference; lastKnownFileType = folder.assetcatalog; path = Assets.xcassets; sourceTree = "<group>"; };
		4F08937629B7052D00B0AB64 /* Base */ = {isa = PBXFileReference; lastKnownFileType = file.storyboard; name = Base; path = Base.lproj/LaunchScreen.storyboard; sourceTree = "<group>"; };
		4F08937829B7052D00B0AB64 /* Info.plist */ = {isa = PBXFileReference; lastKnownFileType = text.plist.xml; path = Info.plist; sourceTree = "<group>"; };
		4F08937E29B7068000B0AB64 /* GoogleService-Info.plist */ = {isa = PBXFileReference; fileEncoding = 4; lastKnownFileType = text.plist.xml; path = "GoogleService-Info.plist"; sourceTree = "<group>"; };
		4F08938029B719F900B0AB64 /* HomeVC.swift */ = {isa = PBXFileReference; lastKnownFileType = sourcecode.swift; path = HomeVC.swift; sourceTree = "<group>"; };
		4F08938229B71AB200B0AB64 /* ProfileVC.swift */ = {isa = PBXFileReference; lastKnownFileType = sourcecode.swift; path = ProfileVC.swift; sourceTree = "<group>"; };
		4F08938429B71B2300B0AB64 /* UploadVC.swift */ = {isa = PBXFileReference; lastKnownFileType = sourcecode.swift; path = UploadVC.swift; sourceTree = "<group>"; };
		4F5159FD29B74B7C00814C91 /* RegisterVC.swift */ = {isa = PBXFileReference; lastKnownFileType = sourcecode.swift; path = RegisterVC.swift; sourceTree = "<group>"; };
		4F5159FF29B751DE00814C91 /* Helper.swift */ = {isa = PBXFileReference; lastKnownFileType = sourcecode.swift; path = Helper.swift; sourceTree = "<group>"; };
		C9548DF982117D71A840F38F /* Pods-instaCloneFirebase.debug.xcconfig */ = {isa = PBXFileReference; includeInIndex = 1; lastKnownFileType = text.xcconfig; name = "Pods-instaCloneFirebase.debug.xcconfig"; path = "Target Support Files/Pods-instaCloneFirebase/Pods-instaCloneFirebase.debug.xcconfig"; sourceTree = "<group>"; };
		DE730911D483ED195F9C3679 /* Pods_instaCloneFirebase.framework */ = {isa = PBXFileReference; explicitFileType = wrapper.framework; includeInIndex = 0; path = Pods_instaCloneFirebase.framework; sourceTree = BUILT_PRODUCTS_DIR; };
/* End PBXFileReference section */

/* Begin PBXFrameworksBuildPhase section */
		4F08936429B7052800B0AB64 /* Frameworks */ = {
			isa = PBXFrameworksBuildPhase;
			buildActionMask = 2147483647;
			files = (
				7A301DFA850D26562FEAB539 /* Pods_instaCloneFirebase.framework in Frameworks */,
			);
			runOnlyForDeploymentPostprocessing = 0;
		};
/* End PBXFrameworksBuildPhase section */

/* Begin PBXGroup section */
		1DBE1B9A83235125C089BE26 /* Frameworks */ = {
			isa = PBXGroup;
			children = (
				DE730911D483ED195F9C3679 /* Pods_instaCloneFirebase.framework */,
			);
			name = Frameworks;
			sourceTree = "<group>";
		};
		4F08935E29B7052800B0AB64 = {
			isa = PBXGroup;
			children = (
				4F08936929B7052800B0AB64 /* instaCloneFirebase */,
				4F08936829B7052800B0AB64 /* Products */,
				5E5F580F5F627DF9B40D5349 /* Pods */,
				1DBE1B9A83235125C089BE26 /* Frameworks */,
			);
			sourceTree = "<group>";
		};
		4F08936829B7052800B0AB64 /* Products */ = {
			isa = PBXGroup;
			children = (
				4F08936729B7052800B0AB64 /* instaCloneFirebase.app */,
			);
			name = Products;
			sourceTree = "<group>";
		};
		4F08936929B7052800B0AB64 /* instaCloneFirebase */ = {
			isa = PBXGroup;
			children = (
				4F08936A29B7052800B0AB64 /* AppDelegate.swift */,
				4F08936C29B7052800B0AB64 /* SceneDelegate.swift */,
				4F08936E29B7052800B0AB64 /* ViewController.swift */,
				4F5159FD29B74B7C00814C91 /* RegisterVC.swift */,
				4F5159FF29B751DE00814C91 /* Helper.swift */,
				4F08938029B719F900B0AB64 /* HomeVC.swift */,
				4F08938429B71B2300B0AB64 /* UploadVC.swift */,
				4F08938229B71AB200B0AB64 /* ProfileVC.swift */,
				4F08937029B7052800B0AB64 /* Main.storyboard */,
				4F08937329B7052D00B0AB64 /* Assets.xcassets */,
				4F08937529B7052D00B0AB64 /* LaunchScreen.storyboard */,
				4F08937829B7052D00B0AB64 /* Info.plist */,
				4F08937E29B7068000B0AB64 /* GoogleService-Info.plist */,
			);
			path = instaCloneFirebase;
			sourceTree = "<group>";
		};
		5E5F580F5F627DF9B40D5349 /* Pods */ = {
			isa = PBXGroup;
			children = (
				C9548DF982117D71A840F38F /* Pods-instaCloneFirebase.debug.xcconfig */,
				4B49B4D1F2388F6AFAE3FF3E /* Pods-instaCloneFirebase.release.xcconfig */,
			);
			path = Pods;
			sourceTree = "<group>";
		};
/* End PBXGroup section */

/* Begin PBXNativeTarget section */
		4F08936629B7052800B0AB64 /* instaCloneFirebase */ = {
			isa = PBXNativeTarget;
			buildConfigurationList = 4F08937B29B7052D00B0AB64 /* Build configuration list for PBXNativeTarget "instaCloneFirebase" */;
			buildPhases = (
				008280B8B16AEBD95F96D08D /* [CP] Check Pods Manifest.lock */,
				4F08936329B7052800B0AB64 /* Sources */,
				4F08936429B7052800B0AB64 /* Frameworks */,
				4F08936529B7052800B0AB64 /* Resources */,
				447665B62E41A4B352B84282 /* [CP] Embed Pods Frameworks */,
			);
			buildRules = (
			);
			dependencies = (
			);
			name = instaCloneFirebase;
			productName = instaCloneFirebase;
			productReference = 4F08936729B7052800B0AB64 /* instaCloneFirebase.app */;
			productType = "com.apple.product-type.application";
		};
/* End PBXNativeTarget section */

/* Begin PBXProject section */
		4F08935F29B7052800B0AB64 /* Project object */ = {
			isa = PBXProject;
			attributes = {
				BuildIndependentTargetsInParallel = 1;
				LastSwiftUpdateCheck = 1330;
				LastUpgradeCheck = 1330;
				TargetAttributes = {
					4F08936629B7052800B0AB64 = {
						CreatedOnToolsVersion = 13.3;
					};
				};
			};
			buildConfigurationList = 4F08936229B7052800B0AB64 /* Build configuration list for PBXProject "instaCloneFirebase" */;
			compatibilityVersion = "Xcode 13.0";
			developmentRegion = en;
			hasScannedForEncodings = 0;
			knownRegions = (
				en,
				Base,
			);
			mainGroup = 4F08935E29B7052800B0AB64;
			productRefGroup = 4F08936829B7052800B0AB64 /* Products */;
			projectDirPath = "";
			projectRoot = "";
			targets = (
				4F08936629B7052800B0AB64 /* instaCloneFirebase */,
			);
		};
/* End PBXProject section */

/* Begin PBXResourcesBuildPhase section */
		4F08936529B7052800B0AB64 /* Resources */ = {
			isa = PBXResourcesBuildPhase;
			buildActionMask = 2147483647;
			files = (
				4F08937729B7052D00B0AB64 /* LaunchScreen.storyboard in Resources */,
				4F08937F29B7068000B0AB64 /* GoogleService-Info.plist in Resources */,
				4F08937429B7052D00B0AB64 /* Assets.xcassets in Resources */,
				4F08937229B7052800B0AB64 /* Main.storyboard in Resources */,
			);
			runOnlyForDeploymentPostprocessing = 0;
		};
/* End PBXResourcesBuildPhase section */

/* Begin PBXShellScriptBuildPhase section */
		008280B8B16AEBD95F96D08D /* [CP] Check Pods Manifest.lock */ = {
			isa = PBXShellScriptBuildPhase;
			buildActionMask = 2147483647;
			files = (
			);
			inputFileListPaths = (
			);
			inputPaths = (
				"${PODS_PODFILE_DIR_PATH}/Podfile.lock",
				"${PODS_ROOT}/Manifest.lock",
			);
			name = "[CP] Check Pods Manifest.lock";
			outputFileListPaths = (
			);
			outputPaths = (
				"$(DERIVED_FILE_DIR)/Pods-instaCloneFirebase-checkManifestLockResult.txt",
			);
			runOnlyForDeploymentPostprocessing = 0;
			shellPath = /bin/sh;
			shellScript = "diff \"${PODS_PODFILE_DIR_PATH}/Podfile.lock\" \"${PODS_ROOT}/Manifest.lock\" > /dev/null\nif [ $? != 0 ] ; then\n    # print error to STDERR\n    echo \"error: The sandbox is not in sync with the Podfile.lock. Run 'pod install' or update your CocoaPods installation.\" >&2\n    exit 1\nfi\n# This output is used by Xcode 'outputs' to avoid re-running this script phase.\necho \"SUCCESS\" > \"${SCRIPT_OUTPUT_FILE_0}\"\n";
			showEnvVarsInLog = 0;
		};
		447665B62E41A4B352B84282 /* [CP] Embed Pods Frameworks */ = {
			isa = PBXShellScriptBuildPhase;
			buildActionMask = 2147483647;
			files = (
			);
			inputFileListPaths = (
				"${PODS_ROOT}/Target Support Files/Pods-instaCloneFirebase/Pods-instaCloneFirebase-frameworks-${CONFIGURATION}-input-files.xcfilelist",
			);
			name = "[CP] Embed Pods Frameworks";
			outputFileListPaths = (
				"${PODS_ROOT}/Target Support Files/Pods-instaCloneFirebase/Pods-instaCloneFirebase-frameworks-${CONFIGURATION}-output-files.xcfilelist",
			);
			runOnlyForDeploymentPostprocessing = 0;
			shellPath = /bin/sh;
			shellScript = "\"${PODS_ROOT}/Target Support Files/Pods-instaCloneFirebase/Pods-instaCloneFirebase-frameworks.sh\"\n";
			showEnvVarsInLog = 0;
		};
/* End PBXShellScriptBuildPhase section */

/* Begin PBXSourcesBuildPhase section */
		4F08936329B7052800B0AB64 /* Sources */ = {
			isa = PBXSourcesBuildPhase;
			buildActionMask = 2147483647;
			files = (
				4F08938329B71AB200B0AB64 /* ProfileVC.swift in Sources */,
				4F08938529B71B2300B0AB64 /* UploadVC.swift in Sources */,
				4F08936F29B7052800B0AB64 /* ViewController.swift in Sources */,
				4F08938129B719F900B0AB64 /* HomeVC.swift in Sources */,
				4F5159FE29B74B7C00814C91 /* RegisterVC.swift in Sources */,
				4F08936B29B7052800B0AB64 /* AppDelegate.swift in Sources */,
				4F08936D29B7052800B0AB64 /* SceneDelegate.swift in Sources */,
				4F515A0029B751DE00814C91 /* Helper.swift in Sources */,
			);
			runOnlyForDeploymentPostprocessing = 0;
		};
/* End PBXSourcesBuildPhase section */

/* Begin PBXVariantGroup section */
		4F08937029B7052800B0AB64 /* Main.storyboard */ = {
			isa = PBXVariantGroup;
			children = (
				4F08937129B7052800B0AB64 /* Base */,
			);
			name = Main.storyboard;
			sourceTree = "<group>";
		};
		4F08937529B7052D00B0AB64 /* LaunchScreen.storyboard */ = {
			isa = PBXVariantGroup;
			children = (
				4F08937629B7052D00B0AB64 /* Base */,
			);
			name = LaunchScreen.storyboard;
			sourceTree = "<group>";
		};
/* End PBXVariantGroup section */

/* Begin XCBuildConfiguration section */
		4F08937929B7052D00B0AB64 /* Debug */ = {
			isa = XCBuildConfiguration;
			buildSettings = {
				ALWAYS_SEARCH_USER_PATHS = NO;
				CLANG_ANALYZER_NONNULL = YES;
				CLANG_ANALYZER_NUMBER_OBJECT_CONVERSION = YES_AGGRESSIVE;
				CLANG_CXX_LANGUAGE_STANDARD = "gnu++17";
				CLANG_ENABLE_MODULES = YES;
				CLANG_ENABLE_OBJC_ARC = YES;
				CLANG_ENABLE_OBJC_WEAK = YES;
				CLANG_WARN_BLOCK_CAPTURE_AUTORELEASING = YES;
				CLANG_WARN_BOOL_CONVERSION = YES;
				CLANG_WARN_COMMA = YES;
				CLANG_WARN_CONSTANT_CONVERSION = YES;
				CLANG_WARN_DEPRECATED_OBJC_IMPLEMENTATIONS = YES;
				CLANG_WARN_DIRECT_OBJC_ISA_USAGE = YES_ERROR;
				CLANG_WARN_DOCUMENTATION_COMMENTS = YES;
				CLANG_WARN_EMPTY_BODY = YES;
				CLANG_WARN_ENUM_CONVERSION = YES;
				CLANG_WARN_INFINITE_RECURSION = YES;
				CLANG_WARN_INT_CONVERSION = YES;
				CLANG_WARN_NON_LITERAL_NULL_CONVERSION = YES;
				CLANG_WARN_OBJC_IMPLICIT_RETAIN_SELF = YES;
				CLANG_WARN_OBJC_LITERAL_CONVERSION = YES;
				CLANG_WARN_OBJC_ROOT_CLASS = YES_ERROR;
				CLANG_WARN_QUOTED_INCLUDE_IN_FRAMEWORK_HEADER = YES;
				CLANG_WARN_RANGE_LOOP_ANALYSIS = YES;
				CLANG_WARN_STRICT_PROTOTYPES = YES;
				CLANG_WARN_SUSPICIOUS_MOVE = YES;
				CLANG_WARN_UNGUARDED_AVAILABILITY = YES_AGGRESSIVE;
				CLANG_WARN_UNREACHABLE_CODE = YES;
				CLANG_WARN__DUPLICATE_METHOD_MATCH = YES;
				COPY_PHASE_STRIP = NO;
				DEBUG_INFORMATION_FORMAT = dwarf;
				ENABLE_STRICT_OBJC_MSGSEND = YES;
				ENABLE_TESTABILITY = YES;
				GCC_C_LANGUAGE_STANDARD = gnu11;
				GCC_DYNAMIC_NO_PIC = NO;
				GCC_NO_COMMON_BLOCKS = YES;
				GCC_OPTIMIZATION_LEVEL = 0;
				GCC_PREPROCESSOR_DEFINITIONS = (
					"DEBUG=1",
					"$(inherited)",
				);
				GCC_WARN_64_TO_32_BIT_CONVERSION = YES;
				GCC_WARN_ABOUT_RETURN_TYPE = YES_ERROR;
				GCC_WARN_UNDECLARED_SELECTOR = YES;
				GCC_WARN_UNINITIALIZED_AUTOS = YES_AGGRESSIVE;
				GCC_WARN_UNUSED_FUNCTION = YES;
				GCC_WARN_UNUSED_VARIABLE = YES;
				IPHONEOS_DEPLOYMENT_TARGET = 15.4;
				MTL_ENABLE_DEBUG_INFO = INCLUDE_SOURCE;
				MTL_FAST_MATH = YES;
				ONLY_ACTIVE_ARCH = YES;
				SDKROOT = iphoneos;
				SWIFT_ACTIVE_COMPILATION_CONDITIONS = DEBUG;
				SWIFT_OPTIMIZATION_LEVEL = "-Onone";
			};
			name = Debug;
		};
		4F08937A29B7052D00B0AB64 /* Release */ = {
			isa = XCBuildConfiguration;
			buildSettings = {
				ALWAYS_SEARCH_USER_PATHS = NO;
				CLANG_ANALYZER_NONNULL = YES;
				CLANG_ANALYZER_NUMBER_OBJECT_CONVERSION = YES_AGGRESSIVE;
				CLANG_CXX_LANGUAGE_STANDARD = "gnu++17";
				CLANG_ENABLE_MODULES = YES;
				CLANG_ENABLE_OBJC_ARC = YES;
				CLANG_ENABLE_OBJC_WEAK = YES;
				CLANG_WARN_BLOCK_CAPTURE_AUTORELEASING = YES;
				CLANG_WARN_BOOL_CONVERSION = YES;
				CLANG_WARN_COMMA = YES;
				CLANG_WARN_CONSTANT_CONVERSION = YES;
				CLANG_WARN_DEPRECATED_OBJC_IMPLEMENTATIONS = YES;
				CLANG_WARN_DIRECT_OBJC_ISA_USAGE = YES_ERROR;
				CLANG_WARN_DOCUMENTATION_COMMENTS = YES;
				CLANG_WARN_EMPTY_BODY = YES;
				CLANG_WARN_ENUM_CONVERSION = YES;
				CLANG_WARN_INFINITE_RECURSION = YES;
				CLANG_WARN_INT_CONVERSION = YES;
				CLANG_WARN_NON_LITERAL_NULL_CONVERSION = YES;
				CLANG_WARN_OBJC_IMPLICIT_RETAIN_SELF = YES;
				CLANG_WARN_OBJC_LITERAL_CONVERSION = YES;
				CLANG_WARN_OBJC_ROOT_CLASS = YES_ERROR;
				CLANG_WARN_QUOTED_INCLUDE_IN_FRAMEWORK_HEADER = YES;
				CLANG_WARN_RANGE_LOOP_ANALYSIS = YES;
				CLANG_WARN_STRICT_PROTOTYPES = YES;
				CLANG_WARN_SUSPICIOUS_MOVE = YES;
				CLANG_WARN_UNGUARDED_AVAILABILITY = YES_AGGRESSIVE;
				CLANG_WARN_UNREACHABLE_CODE = YES;
				CLANG_WARN__DUPLICATE_METHOD_MATCH = YES;
				COPY_PHASE_STRIP = NO;
				DEBUG_INFORMATION_FORMAT = "dwarf-with-dsym";
				ENABLE_NS_ASSERTIONS = NO;
				ENABLE_STRICT_OBJC_MSGSEND = YES;
				GCC_C_LANGUAGE_STANDARD = gnu11;
				GCC_NO_COMMON_BLOCKS = YES;
				GCC_WARN_64_TO_32_BIT_CONVERSION = YES;
				GCC_WARN_ABOUT_RETURN_TYPE = YES_ERROR;
				GCC_WARN_UNDECLARED_SELECTOR = YES;
				GCC_WARN_UNINITIALIZED_AUTOS = YES_AGGRESSIVE;
				GCC_WARN_UNUSED_FUNCTION = YES;
				GCC_WARN_UNUSED_VARIABLE = YES;
				IPHONEOS_DEPLOYMENT_TARGET = 15.4;
				MTL_ENABLE_DEBUG_INFO = NO;
				MTL_FAST_MATH = YES;
				SDKROOT = iphoneos;
				SWIFT_COMPILATION_MODE = wholemodule;
				SWIFT_OPTIMIZATION_LEVEL = "-O";
				VALIDATE_PRODUCT = YES;
			};
			name = Release;
		};
		4F08937C29B7052D00B0AB64 /* Debug */ = {
			isa = XCBuildConfiguration;
			baseConfigurationReference = C9548DF982117D71A840F38F /* Pods-instaCloneFirebase.debug.xcconfig */;
			buildSettings = {
				ASSETCATALOG_COMPILER_APPICON_NAME = AppIcon;
				ASSETCATALOG_COMPILER_GLOBAL_ACCENT_COLOR_NAME = AccentColor;
				CODE_SIGN_STYLE = Automatic;
				CURRENT_PROJECT_VERSION = 1;
				DEVELOPMENT_TEAM = X9WXUZMYHG;
				GENERATE_INFOPLIST_FILE = YES;
				INFOPLIST_FILE = instaCloneFirebase/Info.plist;
				INFOPLIST_KEY_UIApplicationSupportsIndirectInputEvents = YES;
				INFOPLIST_KEY_UILaunchStoryboardName = LaunchScreen;
				INFOPLIST_KEY_UIMainStoryboardFile = Main;
				INFOPLIST_KEY_UISupportedInterfaceOrientations_iPad = "UIInterfaceOrientationPortrait UIInterfaceOrientationPortraitUpsideDown UIInterfaceOrientationLandscapeLeft UIInterfaceOrientationLandscapeRight";
				INFOPLIST_KEY_UISupportedInterfaceOrientations_iPhone = "UIInterfaceOrientationPortrait UIInterfaceOrientationLandscapeLeft UIInterfaceOrientationLandscapeRight";
				LD_RUNPATH_SEARCH_PATHS = (
					"$(inherited)",
					"@executable_path/Frameworks",
				);
				MARKETING_VERSION = 1.0;
				PRODUCT_BUNDLE_IDENTIFIER = SerxanAli.instaCloneFirebase;
				PRODUCT_NAME = "$(TARGET_NAME)";
				SWIFT_EMIT_LOC_STRINGS = YES;
				SWIFT_VERSION = 5.0;
				TARGETED_DEVICE_FAMILY = "1,2";
			};
			name = Debug;
		};
		4F08937D29B7052D00B0AB64 /* Release */ = {
			isa = XCBuildConfiguration;
			baseConfigurationReference = 4B49B4D1F2388F6AFAE3FF3E /* Pods-instaCloneFirebase.release.xcconfig */;
			buildSettings = {
				ASSETCATALOG_COMPILER_APPICON_NAME = AppIcon;
				ASSETCATALOG_COMPILER_GLOBAL_ACCENT_COLOR_NAME = AccentColor;
				CODE_SIGN_STYLE = Automatic;
				CURRENT_PROJECT_VERSION = 1;
				DEVELOPMENT_TEAM = X9WXUZMYHG;
				GENERATE_INFOPLIST_FILE = YES;
				INFOPLIST_FILE = instaCloneFirebase/Info.plist;
				INFOPLIST_KEY_UIApplicationSupportsIndirectInputEvents = YES;
				INFOPLIST_KEY_UILaunchStoryboardName = LaunchScreen;
				INFOPLIST_KEY_UIMainStoryboardFile = Main;
				INFOPLIST_KEY_UISupportedInterfaceOrientations_iPad = "UIInterfaceOrientationPortrait UIInterfaceOrientationPortraitUpsideDown UIInterfaceOrientationLandscapeLeft UIInterfaceOrientationLandscapeRight";
				INFOPLIST_KEY_UISupportedInterfaceOrientations_iPhone = "UIInterfaceOrientationPortrait UIInterfaceOrientationLandscapeLeft UIInterfaceOrientationLandscapeRight";
				LD_RUNPATH_SEARCH_PATHS = (
					"$(inherited)",
					"@executable_path/Frameworks",
				);
				MARKETING_VERSION = 1.0;
				PRODUCT_BUNDLE_IDENTIFIER = SerxanAli.instaCloneFirebase;
				PRODUCT_NAME = "$(TARGET_NAME)";
				SWIFT_EMIT_LOC_STRINGS = YES;
				SWIFT_VERSION = 5.0;
				TARGETED_DEVICE_FAMILY = "1,2";
			};
			name = Release;
		};
/* End XCBuildConfiguration section */

/* Begin XCConfigurationList section */
		4F08936229B7052800B0AB64 /* Build configuration list for PBXProject "instaCloneFirebase" */ = {
			isa = XCConfigurationList;
			buildConfigurations = (
				4F08937929B7052D00B0AB64 /* Debug */,
				4F08937A29B7052D00B0AB64 /* Release */,
			);
			defaultConfigurationIsVisible = 0;
			defaultConfigurationName = Release;
		};
		4F08937B29B7052D00B0AB64 /* Build configuration list for PBXNativeTarget "instaCloneFirebase" */ = {
			isa = XCConfigurationList;
			buildConfigurations = (
				4F08937C29B7052D00B0AB64 /* Debug */,
				4F08937D29B7052D00B0AB64 /* Release */,
			);
			defaultConfigurationIsVisible = 0;
			defaultConfigurationName = Release;
		};
/* End XCConfigurationList section */
	};
	rootObject = 4F08935F29B7052800B0AB64 /* Project object */;
}
